{
  "name": "capitulo-8-AntonioMatheus-dev",
  "lockfileVersion": 3,
  "requires": true,
  "packages": {
    "": {
      "dependencies": {
        "convert": "^5.7.0"
      }
    },
    "node_modules/convert": {
      "version": "5.7.0",
      "resolved": "https://registry.npmjs.org/convert/-/convert-5.7.0.tgz",
      "integrity": "sha512-3j63MvYat3f42sv8vSBZhPn28YMifKlF6x7ym0PwpdYwY0Ej4iRmYzoHF7oaEclHTljFn5v+abQZlJVb8S+tdw==",
      "license": "MIT"
    }
  }
}
